
Microsoft Visual Studio Solution File, Format Version 12.00
# Visual Studio Version 17
VisualStudioVersion = 17.10.35027.167
MinimumVisualStudioVersion = 10.0.40219.1
Project("{FAE04EC0-301F-11D3-BF4B-00C04F79EFBC}") = "AppRpgEtec", "AppRpgEtec\AppRpgEtec.csproj", "{6BC3AF90-3A71-4873-8C0F-6D54D1267811}"
EndProject
Global
	GlobalSection(SolutionConfigurationPlatforms) = preSolution
		Debug|Any CPU = Debug|Any CPU
		Release|Any CPU = Release|Any CPU
	EndGlobalSection
	GlobalSection(ProjectConfigurationPlatforms) = postSolution
		{6BC3AF90-3A71-4873-8C0F-6D54D1267811}.Debug|Any CPU.ActiveCfg = Debug|Any CPU
		{6BC3AF90-3A71-4873-8C0F-6D54D1267811}.Debug|Any CPU.Build.0 = Debug|Any CPU
		{6BC3AF90-3A71-4873-8C0F-6D54D1267811}.Debug|Any CPU.Deploy.0 = Debug|Any CPU
		{6BC3AF90-3A71-4873-8C0F-6D54D1267811}.Release|Any CPU.ActiveCfg = Release|Any CPU
		{6BC3AF90-3A71-4873-8C0F-6D54D1267811}.Release|Any CPU.Build.0 = Release|Any CPU
		{6BC3AF90-3A71-4873-8C0F-6D54D1267811}.Release|Any CPU.Deploy.0 = Release|Any CPU
	EndGlobalSection
	GlobalSection(SolutionProperties) = preSolution
		HideSolutionNode = FALSE
	EndGlobalSection
	GlobalSection(ExtensibilityGlobals) = postSolution
		SolutionGuid = {C7733474-3A15-49B6-8E7B-C99907EE4AE6}
	EndGlobalSection
EndGlobal
